// !$*UTF8*$!
{
	archiveVersion = 1;
	classes = {
	};
	objectVersion = 56;
	objects = {

/* Begin PBXBuildFile section */
		5BE9025C298854C5009A4CDB /* SnowSeekerApp.swift in Sources */ = {isa = PBXBuildFile; fileRef = 5BE9025B298854C5009A4CDB /* SnowSeekerApp.swift */; };
		5BE9025E298854C5009A4CDB /* ContentView.swift in Sources */ = {isa = PBXBuildFile; fileRef = 5BE9025D298854C5009A4CDB /* ContentView.swift */; };
		5BE90260298854CD009A4CDB /* Assets.xcassets in Resources */ = {isa = PBXBuildFile; fileRef = 5BE9025F298854CD009A4CDB /* Assets.xcassets */; };
		5BE90263298854CD009A4CDB /* Preview Assets.xcassets in Resources */ = {isa = PBXBuildFile; fileRef = 5BE90262298854CD009A4CDB /* Preview Assets.xcassets */; };
		5BE9026A298855A6009A4CDB /* Contents.json in Resources */ = {isa = PBXBuildFile; fileRef = 5BE90269298855A6009A4CDB /* Contents.json */; };
		5BE9026C298855C1009A4CDB /* resorts.json in Resources */ = {isa = PBXBuildFile; fileRef = 5BE9026B298855C1009A4CDB /* resorts.json */; };
		5BE9026E298856A4009A4CDB /* Resort.swift in Sources */ = {isa = PBXBuildFile; fileRef = 5BE9026D298856A4009A4CDB /* Resort.swift */; };
		5BE90270298857EC009A4CDB /* Bundle.swift in Sources */ = {isa = PBXBuildFile; fileRef = 5BE9026F298857EC009A4CDB /* Bundle.swift */; };
		5BE9027229885DA2009A4CDB /* WelcomeView.swift in Sources */ = {isa = PBXBuildFile; fileRef = 5BE9027129885DA2009A4CDB /* WelcomeView.swift */; };
		5BE9027429886173009A4CDB /* ResortView.swift in Sources */ = {isa = PBXBuildFile; fileRef = 5BE9027329886173009A4CDB /* ResortView.swift */; };
		5BE902762988632C009A4CDB /* SkiDetailView.swift in Sources */ = {isa = PBXBuildFile; fileRef = 5BE902752988632C009A4CDB /* SkiDetailView.swift */; };
		5BE9027829886526009A4CDB /* ResortDetailView.swift in Sources */ = {isa = PBXBuildFile; fileRef = 5BE9027729886525009A4CDB /* ResortDetailView.swift */; };
		5BE9027A2989EB8B009A4CDB /* Facility.swift in Sources */ = {isa = PBXBuildFile; fileRef = 5BE902792989EB8B009A4CDB /* Facility.swift */; };
		5BE9027C2989F2A1009A4CDB /* Favorite.swift in Sources */ = {isa = PBXBuildFile; fileRef = 5BE9027B2989F2A1009A4CDB /* Favorite.swift */; };
		5BE9027E298CAC0C009A4CDB /* FileManager.swift in Sources */ = {isa = PBXBuildFile; fileRef = 5BE9027D298CAC0C009A4CDB /* FileManager.swift */; };
/* End PBXBuildFile section */

/* Begin PBXFileReference section */
		5BE90258298854C5009A4CDB /* SnowSeeker.app */ = {isa = PBXFileReference; explicitFileType = wrapper.application; includeInIndex = 0; path = SnowSeeker.app; sourceTree = BUILT_PRODUCTS_DIR; };
		5BE9025B298854C5009A4CDB /* SnowSeekerApp.swift */ = {isa = PBXFileReference; lastKnownFileType = sourcecode.swift; path = SnowSeekerApp.swift; sourceTree = "<group>"; };
		5BE9025D298854C5009A4CDB /* ContentView.swift */ = {isa = PBXFileReference; lastKnownFileType = sourcecode.swift; path = ContentView.swift; sourceTree = "<group>"; };
		5BE9025F298854CD009A4CDB /* Assets.xcassets */ = {isa = PBXFileReference; lastKnownFileType = folder.assetcatalog; path = Assets.xcassets; sourceTree = "<group>"; };
		5BE90262298854CD009A4CDB /* Preview Assets.xcassets */ = {isa = PBXFileReference; lastKnownFileType = folder.assetcatalog; path = "Preview Assets.xcassets"; sourceTree = "<group>"; };
		5BE90269298855A6009A4CDB /* Contents.json */ = {isa = PBXFileReference; fileEncoding = 4; lastKnownFileType = text.json; path = Contents.json; sourceTree = "<group>"; };
		5BE9026B298855C1009A4CDB /* resorts.json */ = {isa = PBXFileReference; fileEncoding = 4; lastKnownFileType = text.json; path = resorts.json; sourceTree = "<group>"; };
		5BE9026D298856A4009A4CDB /* Resort.swift */ = {isa = PBXFileReference; lastKnownFileType = sourcecode.swift; path = Resort.swift; sourceTree = "<group>"; };
		5BE9026F298857EC009A4CDB /* Bundle.swift */ = {isa = PBXFileReference; lastKnownFileType = sourcecode.swift; path = Bundle.swift; sourceTree = "<group>"; };
		5BE9027129885DA2009A4CDB /* WelcomeView.swift */ = {isa = PBXFileReference; lastKnownFileType = sourcecode.swift; path = WelcomeView.swift; sourceTree = "<group>"; };
		5BE9027329886173009A4CDB /* ResortView.swift */ = {isa = PBXFileReference; lastKnownFileType = sourcecode.swift; path = ResortView.swift; sourceTree = "<group>"; };
		5BE902752988632C009A4CDB /* SkiDetailView.swift */ = {isa = PBXFileReference; lastKnownFileType = sourcecode.swift; path = SkiDetailView.swift; sourceTree = "<group>"; };
		5BE9027729886525009A4CDB /* ResortDetailView.swift */ = {isa = PBXFileReference; lastKnownFileType = sourcecode.swift; path = ResortDetailView.swift; sourceTree = "<group>"; };
		5BE902792989EB8B009A4CDB /* Facility.swift */ = {isa = PBXFileReference; lastKnownFileType = sourcecode.swift; path = Facility.swift; sourceTree = "<group>"; };
		5BE9027B2989F2A1009A4CDB /* Favorite.swift */ = {isa = PBXFileReference; lastKnownFileType = sourcecode.swift; path = Favorite.swift; sourceTree = "<group>"; };
		5BE9027D298CAC0C009A4CDB /* FileManager.swift */ = {isa = PBXFileReference; lastKnownFileType = sourcecode.swift; path = FileManager.swift; sourceTree = "<group>"; };
/* End PBXFileReference section */

/* Begin PBXFrameworksBuildPhase section */
		5BE90255298854C5009A4CDB /* Frameworks */ = {
			isa = PBXFrameworksBuildPhase;
			buildActionMask = 2147483647;
			files = (
			);
			runOnlyForDeploymentPostprocessing = 0;
		};
/* End PBXFrameworksBuildPhase section */

/* Begin PBXGroup section */
		5BE9024F298854C5009A4CDB = {
			isa = PBXGroup;
			children = (
				5BE9025A298854C5009A4CDB /* SnowSeeker */,
				5BE90259298854C5009A4CDB /* Products */,
			);
			sourceTree = "<group>";
		};
		5BE90259298854C5009A4CDB /* Products */ = {
			isa = PBXGroup;
			children = (
				5BE90258298854C5009A4CDB /* SnowSeeker.app */,
			);
			name = Products;
			sourceTree = "<group>";
		};
		5BE9025A298854C5009A4CDB /* SnowSeeker */ = {
			isa = PBXGroup;
			children = (
				5BE9025B298854C5009A4CDB /* SnowSeekerApp.swift */,
				5BE9026D298856A4009A4CDB /* Resort.swift */,
				5BE9026F298857EC009A4CDB /* Bundle.swift */,
				5BE9025D298854C5009A4CDB /* ContentView.swift */,
				5BE9027329886173009A4CDB /* ResortView.swift */,
				5BE9027B2989F2A1009A4CDB /* Favorite.swift */,
				5BE9027D298CAC0C009A4CDB /* FileManager.swift */,
				5BE902792989EB8B009A4CDB /* Facility.swift */,
				5BE902752988632C009A4CDB /* SkiDetailView.swift */,
				5BE9027729886525009A4CDB /* ResortDetailView.swift */,
				5BE9027129885DA2009A4CDB /* WelcomeView.swift */,
				5BE9026B298855C1009A4CDB /* resorts.json */,
				5BE90269298855A6009A4CDB /* Contents.json */,
				5BE9025F298854CD009A4CDB /* Assets.xcassets */,
				5BE90261298854CD009A4CDB /* Preview Content */,
			);
			path = SnowSeeker;
			sourceTree = "<group>";
		};
		5BE90261298854CD009A4CDB /* Preview Content */ = {
			isa = PBXGroup;
			children = (
				5BE90262298854CD009A4CDB /* Preview Assets.xcassets */,
			);
			path = "Preview Content";
			sourceTree = "<group>";
		};
/* End PBXGroup section */

/* Begin PBXNativeTarget section */
		5BE90257298854C5009A4CDB /* SnowSeeker */ = {
			isa = PBXNativeTarget;
			buildConfigurationList = 5BE90266298854CD009A4CDB /* Build configuration list for PBXNativeTarget "SnowSeeker" */;
			buildPhases = (
				5BE90254298854C5009A4CDB /* Sources */,
				5BE90255298854C5009A4CDB /* Frameworks */,
				5BE90256298854C5009A4CDB /* Resources */,
			);
			buildRules = (
			);
			dependencies = (
			);
			name = SnowSeeker;
			productName = SnowSeeker;
			productReference = 5BE90258298854C5009A4CDB /* SnowSeeker.app */;
			productType = "com.apple.product-type.application";
		};
/* End PBXNativeTarget section */

/* Begin PBXProject section */
		5BE90250298854C5009A4CDB /* Project object */ = {
			isa = PBXProject;
			attributes = {
				BuildIndependentTargetsInParallel = 1;
				LastSwiftUpdateCheck = 1420;
				LastUpgradeCheck = 1420;
				TargetAttributes = {
					5BE90257298854C5009A4CDB = {
						CreatedOnToolsVersion = 14.2;
					};
				};
			};
			buildConfigurationList = 5BE90253298854C5009A4CDB /* Build configuration list for PBXProject "SnowSeeker" */;
			compatibilityVersion = "Xcode 14.0";
			developmentRegion = en;
			hasScannedForEncodings = 0;
			knownRegions = (
				en,
				Base,
			);
			mainGroup = 5BE9024F298854C5009A4CDB;
			productRefGroup = 5BE90259298854C5009A4CDB /* Products */;
			projectDirPath = "";
			projectRoot = "";
			targets = (
				5BE90257298854C5009A4CDB /* SnowSeeker */,
			);
		};
/* End PBXProject section */

/* Begin PBXResourcesBuildPhase section */
		5BE90256298854C5009A4CDB /* Resources */ = {
			isa = PBXResourcesBuildPhase;
			buildActionMask = 2147483647;
			files = (
				5BE90263298854CD009A4CDB /* Preview Assets.xcassets in Resources */,
				5BE90260298854CD009A4CDB /* Assets.xcassets in Resources */,
				5BE9026C298855C1009A4CDB /* resorts.json in Resources */,
				5BE9026A298855A6009A4CDB /* Contents.json in Resources */,
			);
			runOnlyForDeploymentPostprocessing = 0;
		};
/* End PBXResourcesBuildPhase section */

/* Begin PBXSourcesBuildPhase section */
		5BE90254298854C5009A4CDB /* Sources */ = {
			isa = PBXSourcesBuildPhase;
			buildActionMask = 2147483647;
			files = (
				5BE9027229885DA2009A4CDB /* WelcomeView.swift in Sources */,
				5BE902762988632C009A4CDB /* SkiDetailView.swift in Sources */,
				5BE9025E298854C5009A4CDB /* ContentView.swift in Sources */,
				5BE9027A2989EB8B009A4CDB /* Facility.swift in Sources */,
				5BE90270298857EC009A4CDB /* Bundle.swift in Sources */,
				5BE9027C2989F2A1009A4CDB /* Favorite.swift in Sources */,
				5BE9027429886173009A4CDB /* ResortView.swift in Sources */,
				5BE9027E298CAC0C009A4CDB /* FileManager.swift in Sources */,
				5BE9026E298856A4009A4CDB /* Resort.swift in Sources */,
				5BE9027829886526009A4CDB /* ResortDetailView.swift in Sources */,
				5BE9025C298854C5009A4CDB /* SnowSeekerApp.swift in Sources */,
			);
			runOnlyForDeploymentPostprocessing = 0;
		};
/* End PBXSourcesBuildPhase section */

/* Begin XCBuildConfiguration section */
		5BE90264298854CD009A4CDB /* Debug */ = {
			isa = XCBuildConfiguration;
			buildSettings = {
				ALWAYS_SEARCH_USER_PATHS = NO;
				CLANG_ANALYZER_NONNULL = YES;
				CLANG_ANALYZER_NUMBER_OBJECT_CONVERSION = YES_AGGRESSIVE;
				CLANG_CXX_LANGUAGE_STANDARD = "gnu++20";
				CLANG_ENABLE_MODULES = YES;
				CLANG_ENABLE_OBJC_ARC = YES;
				CLANG_ENABLE_OBJC_WEAK = YES;
				CLANG_WARN_BLOCK_CAPTURE_AUTORELEASING = YES;
				CLANG_WARN_BOOL_CONVERSION = YES;
				CLANG_WARN_COMMA = YES;
				CLANG_WARN_CONSTANT_CONVERSION = YES;
				CLANG_WARN_DEPRECATED_OBJC_IMPLEMENTATIONS = YES;
				CLANG_WARN_DIRECT_OBJC_ISA_USAGE = YES_ERROR;
				CLANG_WARN_DOCUMENTATION_COMMENTS = YES;
				CLANG_WARN_EMPTY_BODY = YES;
				CLANG_WARN_ENUM_CONVERSION = YES;
				CLANG_WARN_INFINITE_RECURSION = YES;
				CLANG_WARN_INT_CONVERSION = YES;
				CLANG_WARN_NON_LITERAL_NULL_CONVERSION = YES;
				CLANG_WARN_OBJC_IMPLICIT_RETAIN_SELF = YES;
				CLANG_WARN_OBJC_LITERAL_CONVERSION = YES;
				CLANG_WARN_OBJC_ROOT_CLASS = YES_ERROR;
				CLANG_WARN_QUOTED_INCLUDE_IN_FRAMEWORK_HEADER = YES;
				CLANG_WARN_RANGE_LOOP_ANALYSIS = YES;
				CLANG_WARN_STRICT_PROTOTYPES = YES;
				CLANG_WARN_SUSPICIOUS_MOVE = YES;
				CLANG_WARN_UNGUARDED_AVAILABILITY = YES_AGGRESSIVE;
				CLANG_WARN_UNREACHABLE_CODE = YES;
				CLANG_WARN__DUPLICATE_METHOD_MATCH = YES;
				COPY_PHASE_STRIP = NO;
				DEBUG_INFORMATION_FORMAT = dwarf;
				ENABLE_STRICT_OBJC_MSGSEND = YES;
				ENABLE_TESTABILITY = YES;
				GCC_C_LANGUAGE_STANDARD = gnu11;
				GCC_DYNAMIC_NO_PIC = NO;
				GCC_NO_COMMON_BLOCKS = YES;
				GCC_OPTIMIZATION_LEVEL = 0;
				GCC_PREPROCESSOR_DEFINITIONS = (
					"DEBUG=1",
					"$(inherited)",
				);
				GCC_WARN_64_TO_32_BIT_CONVERSION = YES;
				GCC_WARN_ABOUT_RETURN_TYPE = YES_ERROR;
				GCC_WARN_UNDECLARED_SELECTOR = YES;
				GCC_WARN_UNINITIALIZED_AUTOS = YES_AGGRESSIVE;
				GCC_WARN_UNUSED_FUNCTION = YES;
				GCC_WARN_UNUSED_VARIABLE = YES;
				IPHONEOS_DEPLOYMENT_TARGET = 16.2;
				MTL_ENABLE_DEBUG_INFO = INCLUDE_SOURCE;
				MTL_FAST_MATH = YES;
				ONLY_ACTIVE_ARCH = YES;
				SDKROOT = iphoneos;
				SWIFT_ACTIVE_COMPILATION_CONDITIONS = DEBUG;
				SWIFT_OPTIMIZATION_LEVEL = "-Onone";
			};
			name = Debug;
		};
		5BE90265298854CD009A4CDB /* Release */ = {
			isa = XCBuildConfiguration;
			buildSettings = {
				ALWAYS_SEARCH_USER_PATHS = NO;
				CLANG_ANALYZER_NONNULL = YES;
				CLANG_ANALYZER_NUMBER_OBJECT_CONVERSION = YES_AGGRESSIVE;
				CLANG_CXX_LANGUAGE_STANDARD = "gnu++20";
				CLANG_ENABLE_MODULES = YES;
				CLANG_ENABLE_OBJC_ARC = YES;
				CLANG_ENABLE_OBJC_WEAK = YES;
				CLANG_WARN_BLOCK_CAPTURE_AUTORELEASING = YES;
				CLANG_WARN_BOOL_CONVERSION = YES;
				CLANG_WARN_COMMA = YES;
				CLANG_WARN_CONSTANT_CONVERSION = YES;
				CLANG_WARN_DEPRECATED_OBJC_IMPLEMENTATIONS = YES;
				CLANG_WARN_DIRECT_OBJC_ISA_USAGE = YES_ERROR;
				CLANG_WARN_DOCUMENTATION_COMMENTS = YES;
				CLANG_WARN_EMPTY_BODY = YES;
				CLANG_WARN_ENUM_CONVERSION = YES;
				CLANG_WARN_INFINITE_RECURSION = YES;
				CLANG_WARN_INT_CONVERSION = YES;
				CLANG_WARN_NON_LITERAL_NULL_CONVERSION = YES;
				CLANG_WARN_OBJC_IMPLICIT_RETAIN_SELF = YES;
				CLANG_WARN_OBJC_LITERAL_CONVERSION = YES;
				CLANG_WARN_OBJC_ROOT_CLASS = YES_ERROR;
				CLANG_WARN_QUOTED_INCLUDE_IN_FRAMEWORK_HEADER = YES;
				CLANG_WARN_RANGE_LOOP_ANALYSIS = YES;
				CLANG_WARN_STRICT_PROTOTYPES = YES;
				CLANG_WARN_SUSPICIOUS_MOVE = YES;
				CLANG_WARN_UNGUARDED_AVAILABILITY = YES_AGGRESSIVE;
				CLANG_WARN_UNREACHABLE_CODE = YES;
				CLANG_WARN__DUPLICATE_METHOD_MATCH = YES;
				COPY_PHASE_STRIP = NO;
				DEBUG_INFORMATION_FORMAT = "dwarf-with-dsym";
				ENABLE_NS_ASSERTIONS = NO;
				ENABLE_STRICT_OBJC_MSGSEND = YES;
				GCC_C_LANGUAGE_STANDARD = gnu11;
				GCC_NO_COMMON_BLOCKS = YES;
				GCC_WARN_64_TO_32_BIT_CONVERSION = YES;
				GCC_WARN_ABOUT_RETURN_TYPE = YES_ERROR;
				GCC_WARN_UNDECLARED_SELECTOR = YES;
				GCC_WARN_UNINITIALIZED_AUTOS = YES_AGGRESSIVE;
				GCC_WARN_UNUSED_FUNCTION = YES;
				GCC_WARN_UNUSED_VARIABLE = YES;
				IPHONEOS_DEPLOYMENT_TARGET = 16.2;
				MTL_ENABLE_DEBUG_INFO = NO;
				MTL_FAST_MATH = YES;
				SDKROOT = iphoneos;
				SWIFT_COMPILATION_MODE = wholemodule;
				SWIFT_OPTIMIZATION_LEVEL = "-O";
				VALIDATE_PRODUCT = YES;
			};
			name = Release;
		};
		5BE90267298854CD009A4CDB /* Debug */ = {
			isa = XCBuildConfiguration;
			buildSettings = {
				ASSETCATALOG_COMPILER_APPICON_NAME = AppIcon;
				ASSETCATALOG_COMPILER_GLOBAL_ACCENT_COLOR_NAME = AccentColor;
				CODE_SIGN_STYLE = Automatic;
				CURRENT_PROJECT_VERSION = 1;
				DEVELOPMENT_ASSET_PATHS = "\"SnowSeeker/Preview Content\"";
				DEVELOPMENT_TEAM = KBSC8RA6AY;
				ENABLE_PREVIEWS = YES;
				GENERATE_INFOPLIST_FILE = YES;
				INFOPLIST_KEY_UIApplicationSceneManifest_Generation = YES;
				INFOPLIST_KEY_UIApplicationSupportsIndirectInputEvents = YES;
				INFOPLIST_KEY_UILaunchScreen_Generation = YES;
				INFOPLIST_KEY_UISupportedInterfaceOrientations_iPad = "UIInterfaceOrientationPortrait UIInterfaceOrientationPortraitUpsideDown UIInterfaceOrientationLandscapeLeft UIInterfaceOrientationLandscapeRight";
				INFOPLIST_KEY_UISupportedInterfaceOrientations_iPhone = "UIInterfaceOrientationPortrait UIInterfaceOrientationLandscapeLeft UIInterfaceOrientationLandscapeRight";
				LD_RUNPATH_SEARCH_PATHS = (
					"$(inherited)",
					"@executable_path/Frameworks",
				);
				MARKETING_VERSION = 1.0;
				PRODUCT_BUNDLE_IDENTIFIER = None.SnowSeeker;
				PRODUCT_NAME = "$(TARGET_NAME)";
				SWIFT_EMIT_LOC_STRINGS = YES;
				SWIFT_VERSION = 5.0;
				TARGETED_DEVICE_FAMILY = "1,2";
			};
			name = Debug;
		};
		5BE90268298854CD009A4CDB /* Release */ = {
			isa = XCBuildConfiguration;
			buildSettings = {
				ASSETCATALOG_COMPILER_APPICON_NAME = AppIcon;
				ASSETCATALOG_COMPILER_GLOBAL_ACCENT_COLOR_NAME = AccentColor;
				CODE_SIGN_STYLE = Automatic;
				CURRENT_PROJECT_VERSION = 1;
				DEVELOPMENT_ASSET_PATHS = "\"SnowSeeker/Preview Content\"";
				DEVELOPMENT_TEAM = KBSC8RA6AY;
				ENABLE_PREVIEWS = YES;
				GENERATE_INFOPLIST_FILE = YES;
				INFOPLIST_KEY_UIApplicationSceneManifest_Generation = YES;
				INFOPLIST_KEY_UIApplicationSupportsIndirectInputEvents = YES;
				INFOPLIST_KEY_UILaunchScreen_Generation = YES;
				INFOPLIST_KEY_UISupportedInterfaceOrientations_iPad = "UIInterfaceOrientationPortrait UIInterfaceOrientationPortraitUpsideDown UIInterfaceOrientationLandscapeLeft UIInterfaceOrientationLandscapeRight";
				INFOPLIST_KEY_UISupportedInterfaceOrientations_iPhone = "UIInterfaceOrientationPortrait UIInterfaceOrientationLandscapeLeft UIInterfaceOrientationLandscapeRight";
				LD_RUNPATH_SEARCH_PATHS = (
					"$(inherited)",
					"@executable_path/Frameworks",
				);
				MARKETING_VERSION = 1.0;
				PRODUCT_BUNDLE_IDENTIFIER = None.SnowSeeker;
				PRODUCT_NAME = "$(TARGET_NAME)";
				SWIFT_EMIT_LOC_STRINGS = YES;
				SWIFT_VERSION = 5.0;
				TARGETED_DEVICE_FAMILY = "1,2";
			};
			name = Release;
		};
/* End XCBuildConfiguration section */

/* Begin XCConfigurationList section */
		5BE90253298854C5009A4CDB /* Build configuration list for PBXProject "SnowSeeker" */ = {
			isa = XCConfigurationList;
			buildConfigurations = (
				5BE90264298854CD009A4CDB /* Debug */,
				5BE90265298854CD009A4CDB /* Release */,
			);
			defaultConfigurationIsVisible = 0;
			defaultConfigurationName = Release;
		};
		5BE90266298854CD009A4CDB /* Build configuration list for PBXNativeTarget "SnowSeeker" */ = {
			isa = XCConfigurationList;
			buildConfigurations = (
				5BE90267298854CD009A4CDB /* Debug */,
				5BE90268298854CD009A4CDB /* Release */,
			);
			defaultConfigurationIsVisible = 0;
			defaultConfigurationName = Release;
		};
/* End XCConfigurationList section */
	};
	rootObject = 5BE90250298854C5009A4CDB /* Project object */;
}
