// !$*UTF8*$!
{
	archiveVersion = 1;
	classes = {
	};
	objectVersion = 56;
	objects = {

/* Begin PBXBuildFile section */
		5B0956352947C88900D7D0F8 /* ContentView-ViewModel.swift in Sources */ = {isa = PBXBuildFile; fileRef = 5B0956342947C88900D7D0F8 /* ContentView-ViewModel.swift */; };
		5B0956392947D0A900D7D0F8 /* FileManager-DocumentsDirectory.swift in Sources */ = {isa = PBXBuildFile; fileRef = 5B0956382947D0A800D7D0F8 /* FileManager-DocumentsDirectory.swift */; };
		5B827EA8293FE0A100CD4902 /* SwiftUI_Day_70App.swift in Sources */ = {isa = PBXBuildFile; fileRef = 5B827EA7293FE0A100CD4902 /* SwiftUI_Day_70App.swift */; };
		5B827EAA293FE0A100CD4902 /* ContentView.swift in Sources */ = {isa = PBXBuildFile; fileRef = 5B827EA9293FE0A100CD4902 /* ContentView.swift */; };
		5B827EAC293FE0A900CD4902 /* Assets.xcassets in Resources */ = {isa = PBXBuildFile; fileRef = 5B827EAB293FE0A900CD4902 /* Assets.xcassets */; };
		5B827EAF293FE0A900CD4902 /* Preview Assets.xcassets in Resources */ = {isa = PBXBuildFile; fileRef = 5B827EAE293FE0A900CD4902 /* Preview Assets.xcassets */; };
		5B827EB6293FE5AC00CD4902 /* Location.swift in Sources */ = {isa = PBXBuildFile; fileRef = 5B827EB5293FE5AC00CD4902 /* Location.swift */; };
		5B827EBA293FF68200CD4902 /* DetailLocationView.swift in Sources */ = {isa = PBXBuildFile; fileRef = 5B827EB9293FF68200CD4902 /* DetailLocationView.swift */; };
		5B827EBC2943C16100CD4902 /* Result.swift in Sources */ = {isa = PBXBuildFile; fileRef = 5B827EBB2943C16100CD4902 /* Result.swift */; };
/* End PBXBuildFile section */

/* Begin PBXFileReference section */
		5B0956342947C88900D7D0F8 /* ContentView-ViewModel.swift */ = {isa = PBXFileReference; lastKnownFileType = sourcecode.swift; path = "ContentView-ViewModel.swift"; sourceTree = "<group>"; };
		5B0956382947D0A800D7D0F8 /* FileManager-DocumentsDirectory.swift */ = {isa = PBXFileReference; lastKnownFileType = sourcecode.swift; path = "FileManager-DocumentsDirectory.swift"; sourceTree = "<group>"; };
		5B827EA4293FE0A100CD4902 /* Bucket List.app */ = {isa = PBXFileReference; explicitFileType = wrapper.application; includeInIndex = 0; path = "Bucket List.app"; sourceTree = BUILT_PRODUCTS_DIR; };
		5B827EA7293FE0A100CD4902 /* SwiftUI_Day_70App.swift */ = {isa = PBXFileReference; lastKnownFileType = sourcecode.swift; path = SwiftUI_Day_70App.swift; sourceTree = "<group>"; };
		5B827EA9293FE0A100CD4902 /* ContentView.swift */ = {isa = PBXFileReference; lastKnownFileType = sourcecode.swift; path = ContentView.swift; sourceTree = "<group>"; };
		5B827EAB293FE0A900CD4902 /* Assets.xcassets */ = {isa = PBXFileReference; lastKnownFileType = folder.assetcatalog; path = Assets.xcassets; sourceTree = "<group>"; };
		5B827EAE293FE0A900CD4902 /* Preview Assets.xcassets */ = {isa = PBXFileReference; lastKnownFileType = folder.assetcatalog; path = "Preview Assets.xcassets"; sourceTree = "<group>"; };
		5B827EB5293FE5AC00CD4902 /* Location.swift */ = {isa = PBXFileReference; lastKnownFileType = sourcecode.swift; path = Location.swift; sourceTree = "<group>"; };
		5B827EB9293FF68200CD4902 /* DetailLocationView.swift */ = {isa = PBXFileReference; lastKnownFileType = sourcecode.swift; path = DetailLocationView.swift; sourceTree = "<group>"; };
		5B827EBB2943C16100CD4902 /* Result.swift */ = {isa = PBXFileReference; lastKnownFileType = sourcecode.swift; path = Result.swift; sourceTree = "<group>"; };
/* End PBXFileReference section */

/* Begin PBXFrameworksBuildPhase section */
		5B827EA1293FE0A100CD4902 /* Frameworks */ = {
			isa = PBXFrameworksBuildPhase;
			buildActionMask = 2147483647;
			files = (
			);
			runOnlyForDeploymentPostprocessing = 0;
		};
/* End PBXFrameworksBuildPhase section */

/* Begin PBXGroup section */
		5B827E9B293FE0A100CD4902 = {
			isa = PBXGroup;
			children = (
				5B827EA6293FE0A100CD4902 /* SwiftUI Day 70 */,
				5B827EA5293FE0A100CD4902 /* Products */,
			);
			sourceTree = "<group>";
		};
		5B827EA5293FE0A100CD4902 /* Products */ = {
			isa = PBXGroup;
			children = (
				5B827EA4293FE0A100CD4902 /* Bucket List.app */,
			);
			name = Products;
			sourceTree = "<group>";
		};
		5B827EA6293FE0A100CD4902 /* SwiftUI Day 70 */ = {
			isa = PBXGroup;
			children = (
				5B827EA7293FE0A100CD4902 /* SwiftUI_Day_70App.swift */,
				5B827EA9293FE0A100CD4902 /* ContentView.swift */,
				5B0956342947C88900D7D0F8 /* ContentView-ViewModel.swift */,
				5B0956382947D0A800D7D0F8 /* FileManager-DocumentsDirectory.swift */,
				5B827EB9293FF68200CD4902 /* DetailLocationView.swift */,
				5B827EBB2943C16100CD4902 /* Result.swift */,
				5B827EB5293FE5AC00CD4902 /* Location.swift */,
				5B827EAB293FE0A900CD4902 /* Assets.xcassets */,
				5B827EAD293FE0A900CD4902 /* Preview Content */,
			);
			path = "SwiftUI Day 70";
			sourceTree = "<group>";
		};
		5B827EAD293FE0A900CD4902 /* Preview Content */ = {
			isa = PBXGroup;
			children = (
				5B827EAE293FE0A900CD4902 /* Preview Assets.xcassets */,
			);
			path = "Preview Content";
			sourceTree = "<group>";
		};
/* End PBXGroup section */

/* Begin PBXNativeTarget section */
		5B827EA3293FE0A100CD4902 /* Bucket List */ = {
			isa = PBXNativeTarget;
			buildConfigurationList = 5B827EB2293FE0A900CD4902 /* Build configuration list for PBXNativeTarget "Bucket List" */;
			buildPhases = (
				5B827EA0293FE0A100CD4902 /* Sources */,
				5B827EA1293FE0A100CD4902 /* Frameworks */,
				5B827EA2293FE0A100CD4902 /* Resources */,
			);
			buildRules = (
			);
			dependencies = (
			);
			name = "Bucket List";
			productName = "SwiftUI Day 70";
			productReference = 5B827EA4293FE0A100CD4902 /* Bucket List.app */;
			productType = "com.apple.product-type.application";
		};
/* End PBXNativeTarget section */

/* Begin PBXProject section */
		5B827E9C293FE0A100CD4902 /* Project object */ = {
			isa = PBXProject;
			attributes = {
				BuildIndependentTargetsInParallel = 1;
				LastSwiftUpdateCheck = 1410;
				LastUpgradeCheck = 1410;
				TargetAttributes = {
					5B827EA3293FE0A100CD4902 = {
						CreatedOnToolsVersion = 14.1;
					};
				};
			};
			buildConfigurationList = 5B827E9F293FE0A100CD4902 /* Build configuration list for PBXProject "Bucket List" */;
			compatibilityVersion = "Xcode 14.0";
			developmentRegion = en;
			hasScannedForEncodings = 0;
			knownRegions = (
				en,
				Base,
			);
			mainGroup = 5B827E9B293FE0A100CD4902;
			productRefGroup = 5B827EA5293FE0A100CD4902 /* Products */;
			projectDirPath = "";
			projectRoot = "";
			targets = (
				5B827EA3293FE0A100CD4902 /* Bucket List */,
			);
		};
/* End PBXProject section */

/* Begin PBXResourcesBuildPhase section */
		5B827EA2293FE0A100CD4902 /* Resources */ = {
			isa = PBXResourcesBuildPhase;
			buildActionMask = 2147483647;
			files = (
				5B827EAF293FE0A900CD4902 /* Preview Assets.xcassets in Resources */,
				5B827EAC293FE0A900CD4902 /* Assets.xcassets in Resources */,
			);
			runOnlyForDeploymentPostprocessing = 0;
		};
/* End PBXResourcesBuildPhase section */

/* Begin PBXSourcesBuildPhase section */
		5B827EA0293FE0A100CD4902 /* Sources */ = {
			isa = PBXSourcesBuildPhase;
			buildActionMask = 2147483647;
			files = (
				5B827EAA293FE0A100CD4902 /* ContentView.swift in Sources */,
				5B0956392947D0A900D7D0F8 /* FileManager-DocumentsDirectory.swift in Sources */,
				5B0956352947C88900D7D0F8 /* ContentView-ViewModel.swift in Sources */,
				5B827EBC2943C16100CD4902 /* Result.swift in Sources */,
				5B827EB6293FE5AC00CD4902 /* Location.swift in Sources */,
				5B827EBA293FF68200CD4902 /* DetailLocationView.swift in Sources */,
				5B827EA8293FE0A100CD4902 /* SwiftUI_Day_70App.swift in Sources */,
			);
			runOnlyForDeploymentPostprocessing = 0;
		};
/* End PBXSourcesBuildPhase section */

/* Begin XCBuildConfiguration section */
		5B827EB0293FE0A900CD4902 /* Debug */ = {
			isa = XCBuildConfiguration;
			buildSettings = {
				ALWAYS_SEARCH_USER_PATHS = NO;
				CLANG_ANALYZER_NONNULL = YES;
				CLANG_ANALYZER_NUMBER_OBJECT_CONVERSION = YES_AGGRESSIVE;
				CLANG_CXX_LANGUAGE_STANDARD = "gnu++20";
				CLANG_ENABLE_MODULES = YES;
				CLANG_ENABLE_OBJC_ARC = YES;
				CLANG_ENABLE_OBJC_WEAK = YES;
				CLANG_WARN_BLOCK_CAPTURE_AUTORELEASING = YES;
				CLANG_WARN_BOOL_CONVERSION = YES;
				CLANG_WARN_COMMA = YES;
				CLANG_WARN_CONSTANT_CONVERSION = YES;
				CLANG_WARN_DEPRECATED_OBJC_IMPLEMENTATIONS = YES;
				CLANG_WARN_DIRECT_OBJC_ISA_USAGE = YES_ERROR;
				CLANG_WARN_DOCUMENTATION_COMMENTS = YES;
				CLANG_WARN_EMPTY_BODY = YES;
				CLANG_WARN_ENUM_CONVERSION = YES;
				CLANG_WARN_INFINITE_RECURSION = YES;
				CLANG_WARN_INT_CONVERSION = YES;
				CLANG_WARN_NON_LITERAL_NULL_CONVERSION = YES;
				CLANG_WARN_OBJC_IMPLICIT_RETAIN_SELF = YES;
				CLANG_WARN_OBJC_LITERAL_CONVERSION = YES;
				CLANG_WARN_OBJC_ROOT_CLASS = YES_ERROR;
				CLANG_WARN_QUOTED_INCLUDE_IN_FRAMEWORK_HEADER = YES;
				CLANG_WARN_RANGE_LOOP_ANALYSIS = YES;
				CLANG_WARN_STRICT_PROTOTYPES = YES;
				CLANG_WARN_SUSPICIOUS_MOVE = YES;
				CLANG_WARN_UNGUARDED_AVAILABILITY = YES_AGGRESSIVE;
				CLANG_WARN_UNREACHABLE_CODE = YES;
				CLANG_WARN__DUPLICATE_METHOD_MATCH = YES;
				COPY_PHASE_STRIP = NO;
				DEBUG_INFORMATION_FORMAT = dwarf;
				ENABLE_STRICT_OBJC_MSGSEND = YES;
				ENABLE_TESTABILITY = YES;
				GCC_C_LANGUAGE_STANDARD = gnu11;
				GCC_DYNAMIC_NO_PIC = NO;
				GCC_NO_COMMON_BLOCKS = YES;
				GCC_OPTIMIZATION_LEVEL = 0;
				GCC_PREPROCESSOR_DEFINITIONS = (
					"DEBUG=1",
					"$(inherited)",
				);
				GCC_WARN_64_TO_32_BIT_CONVERSION = YES;
				GCC_WARN_ABOUT_RETURN_TYPE = YES_ERROR;
				GCC_WARN_UNDECLARED_SELECTOR = YES;
				GCC_WARN_UNINITIALIZED_AUTOS = YES_AGGRESSIVE;
				GCC_WARN_UNUSED_FUNCTION = YES;
				GCC_WARN_UNUSED_VARIABLE = YES;
				IPHONEOS_DEPLOYMENT_TARGET = 16.1;
				MTL_ENABLE_DEBUG_INFO = INCLUDE_SOURCE;
				MTL_FAST_MATH = YES;
				ONLY_ACTIVE_ARCH = YES;
				SDKROOT = iphoneos;
				SWIFT_ACTIVE_COMPILATION_CONDITIONS = DEBUG;
				SWIFT_OPTIMIZATION_LEVEL = "-Onone";
			};
			name = Debug;
		};
		5B827EB1293FE0A900CD4902 /* Release */ = {
			isa = XCBuildConfiguration;
			buildSettings = {
				ALWAYS_SEARCH_USER_PATHS = NO;
				CLANG_ANALYZER_NONNULL = YES;
				CLANG_ANALYZER_NUMBER_OBJECT_CONVERSION = YES_AGGRESSIVE;
				CLANG_CXX_LANGUAGE_STANDARD = "gnu++20";
				CLANG_ENABLE_MODULES = YES;
				CLANG_ENABLE_OBJC_ARC = YES;
				CLANG_ENABLE_OBJC_WEAK = YES;
				CLANG_WARN_BLOCK_CAPTURE_AUTORELEASING = YES;
				CLANG_WARN_BOOL_CONVERSION = YES;
				CLANG_WARN_COMMA = YES;
				CLANG_WARN_CONSTANT_CONVERSION = YES;
				CLANG_WARN_DEPRECATED_OBJC_IMPLEMENTATIONS = YES;
				CLANG_WARN_DIRECT_OBJC_ISA_USAGE = YES_ERROR;
				CLANG_WARN_DOCUMENTATION_COMMENTS = YES;
				CLANG_WARN_EMPTY_BODY = YES;
				CLANG_WARN_ENUM_CONVERSION = YES;
				CLANG_WARN_INFINITE_RECURSION = YES;
				CLANG_WARN_INT_CONVERSION = YES;
				CLANG_WARN_NON_LITERAL_NULL_CONVERSION = YES;
				CLANG_WARN_OBJC_IMPLICIT_RETAIN_SELF = YES;
				CLANG_WARN_OBJC_LITERAL_CONVERSION = YES;
				CLANG_WARN_OBJC_ROOT_CLASS = YES_ERROR;
				CLANG_WARN_QUOTED_INCLUDE_IN_FRAMEWORK_HEADER = YES;
				CLANG_WARN_RANGE_LOOP_ANALYSIS = YES;
				CLANG_WARN_STRICT_PROTOTYPES = YES;
				CLANG_WARN_SUSPICIOUS_MOVE = YES;
				CLANG_WARN_UNGUARDED_AVAILABILITY = YES_AGGRESSIVE;
				CLANG_WARN_UNREACHABLE_CODE = YES;
				CLANG_WARN__DUPLICATE_METHOD_MATCH = YES;
				COPY_PHASE_STRIP = NO;
				DEBUG_INFORMATION_FORMAT = "dwarf-with-dsym";
				ENABLE_NS_ASSERTIONS = NO;
				ENABLE_STRICT_OBJC_MSGSEND = YES;
				GCC_C_LANGUAGE_STANDARD = gnu11;
				GCC_NO_COMMON_BLOCKS = YES;
				GCC_WARN_64_TO_32_BIT_CONVERSION = YES;
				GCC_WARN_ABOUT_RETURN_TYPE = YES_ERROR;
				GCC_WARN_UNDECLARED_SELECTOR = YES;
				GCC_WARN_UNINITIALIZED_AUTOS = YES_AGGRESSIVE;
				GCC_WARN_UNUSED_FUNCTION = YES;
				GCC_WARN_UNUSED_VARIABLE = YES;
				IPHONEOS_DEPLOYMENT_TARGET = 16.1;
				MTL_ENABLE_DEBUG_INFO = NO;
				MTL_FAST_MATH = YES;
				SDKROOT = iphoneos;
				SWIFT_COMPILATION_MODE = wholemodule;
				SWIFT_OPTIMIZATION_LEVEL = "-O";
				VALIDATE_PRODUCT = YES;
			};
			name = Release;
		};
		5B827EB3293FE0A900CD4902 /* Debug */ = {
			isa = XCBuildConfiguration;
			buildSettings = {
				ASSETCATALOG_COMPILER_APPICON_NAME = AppIcon;
				ASSETCATALOG_COMPILER_GLOBAL_ACCENT_COLOR_NAME = AccentColor;
				CODE_SIGN_STYLE = Automatic;
				CURRENT_PROJECT_VERSION = 1;
				DEVELOPMENT_ASSET_PATHS = "\"SwiftUI Day 70/Preview Content\"";
				DEVELOPMENT_TEAM = KBSC8RA6AY;
				ENABLE_PREVIEWS = YES;
				GENERATE_INFOPLIST_FILE = YES;
				INFOPLIST_KEY_NSFaceIDUsageDescription = "Verify yourself";
				INFOPLIST_KEY_UIApplicationSceneManifest_Generation = YES;
				INFOPLIST_KEY_UIApplicationSupportsIndirectInputEvents = YES;
				INFOPLIST_KEY_UILaunchScreen_Generation = YES;
				INFOPLIST_KEY_UISupportedInterfaceOrientations_iPad = "UIInterfaceOrientationPortrait UIInterfaceOrientationPortraitUpsideDown UIInterfaceOrientationLandscapeLeft UIInterfaceOrientationLandscapeRight";
				INFOPLIST_KEY_UISupportedInterfaceOrientations_iPhone = "UIInterfaceOrientationPortrait UIInterfaceOrientationLandscapeLeft UIInterfaceOrientationLandscapeRight";
				LD_RUNPATH_SEARCH_PATHS = (
					"$(inherited)",
					"@executable_path/Frameworks",
				);
				MARKETING_VERSION = 1.0;
				PRODUCT_BUNDLE_IDENTIFIER = "None.SwiftUI-Day-70";
				PRODUCT_NAME = "$(TARGET_NAME)";
				SWIFT_EMIT_LOC_STRINGS = YES;
				SWIFT_VERSION = 5.0;
				TARGETED_DEVICE_FAMILY = "1,2";
			};
			name = Debug;
		};
		5B827EB4293FE0A900CD4902 /* Release */ = {
			isa = XCBuildConfiguration;
			buildSettings = {
				ASSETCATALOG_COMPILER_APPICON_NAME = AppIcon;
				ASSETCATALOG_COMPILER_GLOBAL_ACCENT_COLOR_NAME = AccentColor;
				CODE_SIGN_STYLE = Automatic;
				CURRENT_PROJECT_VERSION = 1;
				DEVELOPMENT_ASSET_PATHS = "\"SwiftUI Day 70/Preview Content\"";
				DEVELOPMENT_TEAM = KBSC8RA6AY;
				ENABLE_PREVIEWS = YES;
				GENERATE_INFOPLIST_FILE = YES;
				INFOPLIST_KEY_NSFaceIDUsageDescription = "Verify yourself";
				INFOPLIST_KEY_UIApplicationSceneManifest_Generation = YES;
				INFOPLIST_KEY_UIApplicationSupportsIndirectInputEvents = YES;
				INFOPLIST_KEY_UILaunchScreen_Generation = YES;
				INFOPLIST_KEY_UISupportedInterfaceOrientations_iPad = "UIInterfaceOrientationPortrait UIInterfaceOrientationPortraitUpsideDown UIInterfaceOrientationLandscapeLeft UIInterfaceOrientationLandscapeRight";
				INFOPLIST_KEY_UISupportedInterfaceOrientations_iPhone = "UIInterfaceOrientationPortrait UIInterfaceOrientationLandscapeLeft UIInterfaceOrientationLandscapeRight";
				LD_RUNPATH_SEARCH_PATHS = (
					"$(inherited)",
					"@executable_path/Frameworks",
				);
				MARKETING_VERSION = 1.0;
				PRODUCT_BUNDLE_IDENTIFIER = "None.SwiftUI-Day-70";
				PRODUCT_NAME = "$(TARGET_NAME)";
				SWIFT_EMIT_LOC_STRINGS = YES;
				SWIFT_VERSION = 5.0;
				TARGETED_DEVICE_FAMILY = "1,2";
			};
			name = Release;
		};
/* End XCBuildConfiguration section */

/* Begin XCConfigurationList section */
		5B827E9F293FE0A100CD4902 /* Build configuration list for PBXProject "Bucket List" */ = {
			isa = XCConfigurationList;
			buildConfigurations = (
				5B827EB0293FE0A900CD4902 /* Debug */,
				5B827EB1293FE0A900CD4902 /* Release */,
			);
			defaultConfigurationIsVisible = 0;
			defaultConfigurationName = Release;
		};
		5B827EB2293FE0A900CD4902 /* Build configuration list for PBXNativeTarget "Bucket List" */ = {
			isa = XCConfigurationList;
			buildConfigurations = (
				5B827EB3293FE0A900CD4902 /* Debug */,
				5B827EB4293FE0A900CD4902 /* Release */,
			);
			defaultConfigurationIsVisible = 0;
			defaultConfigurationName = Release;
		};
/* End XCConfigurationList section */
	};
	rootObject = 5B827E9C293FE0A100CD4902 /* Project object */;
}
