// !$*UTF8*$!
{
	archiveVersion = 1;
	classes = {
	};
	objectVersion = 56;
	objects = {

/* Begin PBXBuildFile section */
		5B87CACE29254EBC003823F1 /* SwiftUI_Day_57App.swift in Sources */ = {isa = PBXBuildFile; fileRef = 5B87CACD29254EBC003823F1 /* SwiftUI_Day_57App.swift */; };
		5B87CAD029254EBC003823F1 /* ContentView.swift in Sources */ = {isa = PBXBuildFile; fileRef = 5B87CACF29254EBC003823F1 /* ContentView.swift */; };
		5B87CAD229254EC3003823F1 /* Assets.xcassets in Resources */ = {isa = PBXBuildFile; fileRef = 5B87CAD129254EC3003823F1 /* Assets.xcassets */; };
		5B87CAD529254EC3003823F1 /* Preview Assets.xcassets in Resources */ = {isa = PBXBuildFile; fileRef = 5B87CAD429254EC3003823F1 /* Preview Assets.xcassets */; };
		5B87CADC29254F1A003823F1 /* DataController.swift in Sources */ = {isa = PBXBuildFile; fileRef = 5B87CADB29254F1A003823F1 /* DataController.swift */; };
		5B87CADF29254F72003823F1 /* CoreDataProject.xcdatamodeld in Sources */ = {isa = PBXBuildFile; fileRef = 5B87CADD29254F72003823F1 /* CoreDataProject.xcdatamodeld */; };
		5B87CAE229255744003823F1 /* Movie+CoreDataClass.swift in Sources */ = {isa = PBXBuildFile; fileRef = 5B87CAE029255744003823F1 /* Movie+CoreDataClass.swift */; };
		5B87CAE329255744003823F1 /* Movie+CoreDataProperties.swift in Sources */ = {isa = PBXBuildFile; fileRef = 5B87CAE129255744003823F1 /* Movie+CoreDataProperties.swift */; };
		5B87CAE52925BD6C003823F1 /* nextView.swift in Sources */ = {isa = PBXBuildFile; fileRef = 5B87CAE42925BD6B003823F1 /* nextView.swift */; };
		5B87CAEA2925D3CE003823F1 /* CandyBar+CoreDataClass.swift in Sources */ = {isa = PBXBuildFile; fileRef = 5B87CAE62925D3CD003823F1 /* CandyBar+CoreDataClass.swift */; };
		5B87CAEB2925D3CE003823F1 /* CandyBar+CoreDataProperties.swift in Sources */ = {isa = PBXBuildFile; fileRef = 5B87CAE72925D3CD003823F1 /* CandyBar+CoreDataProperties.swift */; };
		5B87CAEC2925D3CE003823F1 /* County+CoreDataClass.swift in Sources */ = {isa = PBXBuildFile; fileRef = 5B87CAE82925D3CD003823F1 /* County+CoreDataClass.swift */; };
		5B87CAED2925D3CE003823F1 /* County+CoreDataProperties.swift in Sources */ = {isa = PBXBuildFile; fileRef = 5B87CAE92925D3CD003823F1 /* County+CoreDataProperties.swift */; };
		5B87CAEF2925D771003823F1 /* nextView1.swift in Sources */ = {isa = PBXBuildFile; fileRef = 5B87CAEE2925D771003823F1 /* nextView1.swift */; };
		5B87CAF32926A641003823F1 /* DynamicFilter.swift in Sources */ = {isa = PBXBuildFile; fileRef = 5B87CAF22926A641003823F1 /* DynamicFilter.swift */; };
/* End PBXBuildFile section */

/* Begin PBXFileReference section */
		5B87CACA29254EBC003823F1 /* SwiftUI Day 57.app */ = {isa = PBXFileReference; explicitFileType = wrapper.application; includeInIndex = 0; path = "SwiftUI Day 57.app"; sourceTree = BUILT_PRODUCTS_DIR; };
		5B87CACD29254EBC003823F1 /* SwiftUI_Day_57App.swift */ = {isa = PBXFileReference; lastKnownFileType = sourcecode.swift; path = SwiftUI_Day_57App.swift; sourceTree = "<group>"; };
		5B87CACF29254EBC003823F1 /* ContentView.swift */ = {isa = PBXFileReference; lastKnownFileType = sourcecode.swift; path = ContentView.swift; sourceTree = "<group>"; };
		5B87CAD129254EC3003823F1 /* Assets.xcassets */ = {isa = PBXFileReference; lastKnownFileType = folder.assetcatalog; path = Assets.xcassets; sourceTree = "<group>"; };
		5B87CAD429254EC3003823F1 /* Preview Assets.xcassets */ = {isa = PBXFileReference; lastKnownFileType = folder.assetcatalog; path = "Preview Assets.xcassets"; sourceTree = "<group>"; };
		5B87CADB29254F1A003823F1 /* DataController.swift */ = {isa = PBXFileReference; lastKnownFileType = sourcecode.swift; path = DataController.swift; sourceTree = "<group>"; };
		5B87CADE29254F72003823F1 /* CoreDataProject.xcdatamodel */ = {isa = PBXFileReference; lastKnownFileType = wrapper.xcdatamodel; path = CoreDataProject.xcdatamodel; sourceTree = "<group>"; };
		5B87CAE029255744003823F1 /* Movie+CoreDataClass.swift */ = {isa = PBXFileReference; lastKnownFileType = sourcecode.swift; path = "Movie+CoreDataClass.swift"; sourceTree = "<group>"; };
		5B87CAE129255744003823F1 /* Movie+CoreDataProperties.swift */ = {isa = PBXFileReference; lastKnownFileType = sourcecode.swift; path = "Movie+CoreDataProperties.swift"; sourceTree = "<group>"; };
		5B87CAE42925BD6B003823F1 /* nextView.swift */ = {isa = PBXFileReference; lastKnownFileType = sourcecode.swift; path = nextView.swift; sourceTree = "<group>"; };
		5B87CAE62925D3CD003823F1 /* CandyBar+CoreDataClass.swift */ = {isa = PBXFileReference; lastKnownFileType = sourcecode.swift; path = "CandyBar+CoreDataClass.swift"; sourceTree = SOURCE_ROOT; };
		5B87CAE72925D3CD003823F1 /* CandyBar+CoreDataProperties.swift */ = {isa = PBXFileReference; lastKnownFileType = sourcecode.swift; path = "CandyBar+CoreDataProperties.swift"; sourceTree = SOURCE_ROOT; };
		5B87CAE82925D3CD003823F1 /* County+CoreDataClass.swift */ = {isa = PBXFileReference; lastKnownFileType = sourcecode.swift; path = "County+CoreDataClass.swift"; sourceTree = SOURCE_ROOT; };
		5B87CAE92925D3CD003823F1 /* County+CoreDataProperties.swift */ = {isa = PBXFileReference; lastKnownFileType = sourcecode.swift; path = "County+CoreDataProperties.swift"; sourceTree = SOURCE_ROOT; };
		5B87CAEE2925D771003823F1 /* nextView1.swift */ = {isa = PBXFileReference; lastKnownFileType = sourcecode.swift; path = nextView1.swift; sourceTree = "<group>"; };
		5B87CAF22926A641003823F1 /* DynamicFilter.swift */ = {isa = PBXFileReference; lastKnownFileType = sourcecode.swift; path = DynamicFilter.swift; sourceTree = "<group>"; };
/* End PBXFileReference section */

/* Begin PBXFrameworksBuildPhase section */
		5B87CAC729254EBC003823F1 /* Frameworks */ = {
			isa = PBXFrameworksBuildPhase;
			buildActionMask = 2147483647;
			files = (
			);
			runOnlyForDeploymentPostprocessing = 0;
		};
/* End PBXFrameworksBuildPhase section */

/* Begin PBXGroup section */
		5B87CAC129254EBC003823F1 = {
			isa = PBXGroup;
			children = (
				5B87CAE029255744003823F1 /* Movie+CoreDataClass.swift */,
				5B87CAE129255744003823F1 /* Movie+CoreDataProperties.swift */,
				5B87CACC29254EBC003823F1 /* SwiftUI Day 57 */,
				5B87CACB29254EBC003823F1 /* Products */,
			);
			sourceTree = "<group>";
		};
		5B87CACB29254EBC003823F1 /* Products */ = {
			isa = PBXGroup;
			children = (
				5B87CACA29254EBC003823F1 /* SwiftUI Day 57.app */,
			);
			name = Products;
			sourceTree = "<group>";
		};
		5B87CACC29254EBC003823F1 /* SwiftUI Day 57 */ = {
			isa = PBXGroup;
			children = (
				5B87CAE62925D3CD003823F1 /* CandyBar+CoreDataClass.swift */,
				5B87CAE72925D3CD003823F1 /* CandyBar+CoreDataProperties.swift */,
				5B87CAE82925D3CD003823F1 /* County+CoreDataClass.swift */,
				5B87CAE92925D3CD003823F1 /* County+CoreDataProperties.swift */,
				5B87CACD29254EBC003823F1 /* SwiftUI_Day_57App.swift */,
				5B87CACF29254EBC003823F1 /* ContentView.swift */,
				5B87CAE42925BD6B003823F1 /* nextView.swift */,
				5B87CAEE2925D771003823F1 /* nextView1.swift */,
				5B87CAF22926A641003823F1 /* DynamicFilter.swift */,
				5B87CADB29254F1A003823F1 /* DataController.swift */,
				5B87CADD29254F72003823F1 /* CoreDataProject.xcdatamodeld */,
				5B87CAD129254EC3003823F1 /* Assets.xcassets */,
				5B87CAD329254EC3003823F1 /* Preview Content */,
			);
			path = "SwiftUI Day 57";
			sourceTree = "<group>";
		};
		5B87CAD329254EC3003823F1 /* Preview Content */ = {
			isa = PBXGroup;
			children = (
				5B87CAD429254EC3003823F1 /* Preview Assets.xcassets */,
			);
			path = "Preview Content";
			sourceTree = "<group>";
		};
/* End PBXGroup section */

/* Begin PBXNativeTarget section */
		5B87CAC929254EBC003823F1 /* SwiftUI Day 57 */ = {
			isa = PBXNativeTarget;
			buildConfigurationList = 5B87CAD829254EC3003823F1 /* Build configuration list for PBXNativeTarget "SwiftUI Day 57" */;
			buildPhases = (
				5B87CAC629254EBC003823F1 /* Sources */,
				5B87CAC729254EBC003823F1 /* Frameworks */,
				5B87CAC829254EBC003823F1 /* Resources */,
			);
			buildRules = (
			);
			dependencies = (
			);
			name = "SwiftUI Day 57";
			productName = "SwiftUI Day 57";
			productReference = 5B87CACA29254EBC003823F1 /* SwiftUI Day 57.app */;
			productType = "com.apple.product-type.application";
		};
/* End PBXNativeTarget section */

/* Begin PBXProject section */
		5B87CAC229254EBC003823F1 /* Project object */ = {
			isa = PBXProject;
			attributes = {
				BuildIndependentTargetsInParallel = 1;
				LastSwiftUpdateCheck = 1410;
				LastUpgradeCheck = 1410;
				TargetAttributes = {
					5B87CAC929254EBC003823F1 = {
						CreatedOnToolsVersion = 14.1;
					};
				};
			};
			buildConfigurationList = 5B87CAC529254EBC003823F1 /* Build configuration list for PBXProject "SwiftUI Day 57" */;
			compatibilityVersion = "Xcode 14.0";
			developmentRegion = en;
			hasScannedForEncodings = 0;
			knownRegions = (
				en,
				Base,
			);
			mainGroup = 5B87CAC129254EBC003823F1;
			productRefGroup = 5B87CACB29254EBC003823F1 /* Products */;
			projectDirPath = "";
			projectRoot = "";
			targets = (
				5B87CAC929254EBC003823F1 /* SwiftUI Day 57 */,
			);
		};
/* End PBXProject section */

/* Begin PBXResourcesBuildPhase section */
		5B87CAC829254EBC003823F1 /* Resources */ = {
			isa = PBXResourcesBuildPhase;
			buildActionMask = 2147483647;
			files = (
				5B87CAD529254EC3003823F1 /* Preview Assets.xcassets in Resources */,
				5B87CAD229254EC3003823F1 /* Assets.xcassets in Resources */,
			);
			runOnlyForDeploymentPostprocessing = 0;
		};
/* End PBXResourcesBuildPhase section */

/* Begin PBXSourcesBuildPhase section */
		5B87CAC629254EBC003823F1 /* Sources */ = {
			isa = PBXSourcesBuildPhase;
			buildActionMask = 2147483647;
			files = (
				5B87CAD029254EBC003823F1 /* ContentView.swift in Sources */,
				5B87CAE52925BD6C003823F1 /* nextView.swift in Sources */,
				5B87CADC29254F1A003823F1 /* DataController.swift in Sources */,
				5B87CAED2925D3CE003823F1 /* County+CoreDataProperties.swift in Sources */,
				5B87CADF29254F72003823F1 /* CoreDataProject.xcdatamodeld in Sources */,
				5B87CAE229255744003823F1 /* Movie+CoreDataClass.swift in Sources */,
				5B87CAE329255744003823F1 /* Movie+CoreDataProperties.swift in Sources */,
				5B87CACE29254EBC003823F1 /* SwiftUI_Day_57App.swift in Sources */,
				5B87CAEB2925D3CE003823F1 /* CandyBar+CoreDataProperties.swift in Sources */,
				5B87CAEF2925D771003823F1 /* nextView1.swift in Sources */,
				5B87CAF32926A641003823F1 /* DynamicFilter.swift in Sources */,
				5B87CAEA2925D3CE003823F1 /* CandyBar+CoreDataClass.swift in Sources */,
				5B87CAEC2925D3CE003823F1 /* County+CoreDataClass.swift in Sources */,
			);
			runOnlyForDeploymentPostprocessing = 0;
		};
/* End PBXSourcesBuildPhase section */

/* Begin XCBuildConfiguration section */
		5B87CAD629254EC3003823F1 /* Debug */ = {
			isa = XCBuildConfiguration;
			buildSettings = {
				ALWAYS_SEARCH_USER_PATHS = NO;
				CLANG_ANALYZER_NONNULL = YES;
				CLANG_ANALYZER_NUMBER_OBJECT_CONVERSION = YES_AGGRESSIVE;
				CLANG_CXX_LANGUAGE_STANDARD = "gnu++20";
				CLANG_ENABLE_MODULES = YES;
				CLANG_ENABLE_OBJC_ARC = YES;
				CLANG_ENABLE_OBJC_WEAK = YES;
				CLANG_WARN_BLOCK_CAPTURE_AUTORELEASING = YES;
				CLANG_WARN_BOOL_CONVERSION = YES;
				CLANG_WARN_COMMA = YES;
				CLANG_WARN_CONSTANT_CONVERSION = YES;
				CLANG_WARN_DEPRECATED_OBJC_IMPLEMENTATIONS = YES;
				CLANG_WARN_DIRECT_OBJC_ISA_USAGE = YES_ERROR;
				CLANG_WARN_DOCUMENTATION_COMMENTS = YES;
				CLANG_WARN_EMPTY_BODY = YES;
				CLANG_WARN_ENUM_CONVERSION = YES;
				CLANG_WARN_INFINITE_RECURSION = YES;
				CLANG_WARN_INT_CONVERSION = YES;
				CLANG_WARN_NON_LITERAL_NULL_CONVERSION = YES;
				CLANG_WARN_OBJC_IMPLICIT_RETAIN_SELF = YES;
				CLANG_WARN_OBJC_LITERAL_CONVERSION = YES;
				CLANG_WARN_OBJC_ROOT_CLASS = YES_ERROR;
				CLANG_WARN_QUOTED_INCLUDE_IN_FRAMEWORK_HEADER = YES;
				CLANG_WARN_RANGE_LOOP_ANALYSIS = YES;
				CLANG_WARN_STRICT_PROTOTYPES = YES;
				CLANG_WARN_SUSPICIOUS_MOVE = YES;
				CLANG_WARN_UNGUARDED_AVAILABILITY = YES_AGGRESSIVE;
				CLANG_WARN_UNREACHABLE_CODE = YES;
				CLANG_WARN__DUPLICATE_METHOD_MATCH = YES;
				COPY_PHASE_STRIP = NO;
				DEBUG_INFORMATION_FORMAT = dwarf;
				ENABLE_STRICT_OBJC_MSGSEND = YES;
				ENABLE_TESTABILITY = YES;
				GCC_C_LANGUAGE_STANDARD = gnu11;
				GCC_DYNAMIC_NO_PIC = NO;
				GCC_NO_COMMON_BLOCKS = YES;
				GCC_OPTIMIZATION_LEVEL = 0;
				GCC_PREPROCESSOR_DEFINITIONS = (
					"DEBUG=1",
					"$(inherited)",
				);
				GCC_WARN_64_TO_32_BIT_CONVERSION = YES;
				GCC_WARN_ABOUT_RETURN_TYPE = YES_ERROR;
				GCC_WARN_UNDECLARED_SELECTOR = YES;
				GCC_WARN_UNINITIALIZED_AUTOS = YES_AGGRESSIVE;
				GCC_WARN_UNUSED_FUNCTION = YES;
				GCC_WARN_UNUSED_VARIABLE = YES;
				IPHONEOS_DEPLOYMENT_TARGET = 16.1;
				MTL_ENABLE_DEBUG_INFO = INCLUDE_SOURCE;
				MTL_FAST_MATH = YES;
				ONLY_ACTIVE_ARCH = YES;
				SDKROOT = iphoneos;
				SWIFT_ACTIVE_COMPILATION_CONDITIONS = DEBUG;
				SWIFT_OPTIMIZATION_LEVEL = "-Onone";
			};
			name = Debug;
		};
		5B87CAD729254EC3003823F1 /* Release */ = {
			isa = XCBuildConfiguration;
			buildSettings = {
				ALWAYS_SEARCH_USER_PATHS = NO;
				CLANG_ANALYZER_NONNULL = YES;
				CLANG_ANALYZER_NUMBER_OBJECT_CONVERSION = YES_AGGRESSIVE;
				CLANG_CXX_LANGUAGE_STANDARD = "gnu++20";
				CLANG_ENABLE_MODULES = YES;
				CLANG_ENABLE_OBJC_ARC = YES;
				CLANG_ENABLE_OBJC_WEAK = YES;
				CLANG_WARN_BLOCK_CAPTURE_AUTORELEASING = YES;
				CLANG_WARN_BOOL_CONVERSION = YES;
				CLANG_WARN_COMMA = YES;
				CLANG_WARN_CONSTANT_CONVERSION = YES;
				CLANG_WARN_DEPRECATED_OBJC_IMPLEMENTATIONS = YES;
				CLANG_WARN_DIRECT_OBJC_ISA_USAGE = YES_ERROR;
				CLANG_WARN_DOCUMENTATION_COMMENTS = YES;
				CLANG_WARN_EMPTY_BODY = YES;
				CLANG_WARN_ENUM_CONVERSION = YES;
				CLANG_WARN_INFINITE_RECURSION = YES;
				CLANG_WARN_INT_CONVERSION = YES;
				CLANG_WARN_NON_LITERAL_NULL_CONVERSION = YES;
				CLANG_WARN_OBJC_IMPLICIT_RETAIN_SELF = YES;
				CLANG_WARN_OBJC_LITERAL_CONVERSION = YES;
				CLANG_WARN_OBJC_ROOT_CLASS = YES_ERROR;
				CLANG_WARN_QUOTED_INCLUDE_IN_FRAMEWORK_HEADER = YES;
				CLANG_WARN_RANGE_LOOP_ANALYSIS = YES;
				CLANG_WARN_STRICT_PROTOTYPES = YES;
				CLANG_WARN_SUSPICIOUS_MOVE = YES;
				CLANG_WARN_UNGUARDED_AVAILABILITY = YES_AGGRESSIVE;
				CLANG_WARN_UNREACHABLE_CODE = YES;
				CLANG_WARN__DUPLICATE_METHOD_MATCH = YES;
				COPY_PHASE_STRIP = NO;
				DEBUG_INFORMATION_FORMAT = "dwarf-with-dsym";
				ENABLE_NS_ASSERTIONS = NO;
				ENABLE_STRICT_OBJC_MSGSEND = YES;
				GCC_C_LANGUAGE_STANDARD = gnu11;
				GCC_NO_COMMON_BLOCKS = YES;
				GCC_WARN_64_TO_32_BIT_CONVERSION = YES;
				GCC_WARN_ABOUT_RETURN_TYPE = YES_ERROR;
				GCC_WARN_UNDECLARED_SELECTOR = YES;
				GCC_WARN_UNINITIALIZED_AUTOS = YES_AGGRESSIVE;
				GCC_WARN_UNUSED_FUNCTION = YES;
				GCC_WARN_UNUSED_VARIABLE = YES;
				IPHONEOS_DEPLOYMENT_TARGET = 16.1;
				MTL_ENABLE_DEBUG_INFO = NO;
				MTL_FAST_MATH = YES;
				SDKROOT = iphoneos;
				SWIFT_COMPILATION_MODE = wholemodule;
				SWIFT_OPTIMIZATION_LEVEL = "-O";
				VALIDATE_PRODUCT = YES;
			};
			name = Release;
		};
		5B87CAD929254EC3003823F1 /* Debug */ = {
			isa = XCBuildConfiguration;
			buildSettings = {
				ASSETCATALOG_COMPILER_APPICON_NAME = AppIcon;
				ASSETCATALOG_COMPILER_GLOBAL_ACCENT_COLOR_NAME = AccentColor;
				CODE_SIGN_STYLE = Automatic;
				CURRENT_PROJECT_VERSION = 1;
				DEVELOPMENT_ASSET_PATHS = "\"SwiftUI Day 57/Preview Content\"";
				DEVELOPMENT_TEAM = KBSC8RA6AY;
				ENABLE_PREVIEWS = YES;
				GENERATE_INFOPLIST_FILE = YES;
				INFOPLIST_KEY_UIApplicationSceneManifest_Generation = YES;
				INFOPLIST_KEY_UIApplicationSupportsIndirectInputEvents = YES;
				INFOPLIST_KEY_UILaunchScreen_Generation = YES;
				INFOPLIST_KEY_UISupportedInterfaceOrientations_iPad = "UIInterfaceOrientationPortrait UIInterfaceOrientationPortraitUpsideDown UIInterfaceOrientationLandscapeLeft UIInterfaceOrientationLandscapeRight";
				INFOPLIST_KEY_UISupportedInterfaceOrientations_iPhone = "UIInterfaceOrientationPortrait UIInterfaceOrientationLandscapeLeft UIInterfaceOrientationLandscapeRight";
				LD_RUNPATH_SEARCH_PATHS = (
					"$(inherited)",
					"@executable_path/Frameworks",
				);
				MARKETING_VERSION = 1.0;
				PRODUCT_BUNDLE_IDENTIFIER = "None.SwiftUI-Day-57";
				PRODUCT_NAME = "$(TARGET_NAME)";
				SWIFT_EMIT_LOC_STRINGS = YES;
				SWIFT_VERSION = 5.0;
				TARGETED_DEVICE_FAMILY = "1,2";
			};
			name = Debug;
		};
		5B87CADA29254EC3003823F1 /* Release */ = {
			isa = XCBuildConfiguration;
			buildSettings = {
				ASSETCATALOG_COMPILER_APPICON_NAME = AppIcon;
				ASSETCATALOG_COMPILER_GLOBAL_ACCENT_COLOR_NAME = AccentColor;
				CODE_SIGN_STYLE = Automatic;
				CURRENT_PROJECT_VERSION = 1;
				DEVELOPMENT_ASSET_PATHS = "\"SwiftUI Day 57/Preview Content\"";
				DEVELOPMENT_TEAM = KBSC8RA6AY;
				ENABLE_PREVIEWS = YES;
				GENERATE_INFOPLIST_FILE = YES;
				INFOPLIST_KEY_UIApplicationSceneManifest_Generation = YES;
				INFOPLIST_KEY_UIApplicationSupportsIndirectInputEvents = YES;
				INFOPLIST_KEY_UILaunchScreen_Generation = YES;
				INFOPLIST_KEY_UISupportedInterfaceOrientations_iPad = "UIInterfaceOrientationPortrait UIInterfaceOrientationPortraitUpsideDown UIInterfaceOrientationLandscapeLeft UIInterfaceOrientationLandscapeRight";
				INFOPLIST_KEY_UISupportedInterfaceOrientations_iPhone = "UIInterfaceOrientationPortrait UIInterfaceOrientationLandscapeLeft UIInterfaceOrientationLandscapeRight";
				LD_RUNPATH_SEARCH_PATHS = (
					"$(inherited)",
					"@executable_path/Frameworks",
				);
				MARKETING_VERSION = 1.0;
				PRODUCT_BUNDLE_IDENTIFIER = "None.SwiftUI-Day-57";
				PRODUCT_NAME = "$(TARGET_NAME)";
				SWIFT_EMIT_LOC_STRINGS = YES;
				SWIFT_VERSION = 5.0;
				TARGETED_DEVICE_FAMILY = "1,2";
			};
			name = Release;
		};
/* End XCBuildConfiguration section */

/* Begin XCConfigurationList section */
		5B87CAC529254EBC003823F1 /* Build configuration list for PBXProject "SwiftUI Day 57" */ = {
			isa = XCConfigurationList;
			buildConfigurations = (
				5B87CAD629254EC3003823F1 /* Debug */,
				5B87CAD729254EC3003823F1 /* Release */,
			);
			defaultConfigurationIsVisible = 0;
			defaultConfigurationName = Release;
		};
		5B87CAD829254EC3003823F1 /* Build configuration list for PBXNativeTarget "SwiftUI Day 57" */ = {
			isa = XCConfigurationList;
			buildConfigurations = (
				5B87CAD929254EC3003823F1 /* Debug */,
				5B87CADA29254EC3003823F1 /* Release */,
			);
			defaultConfigurationIsVisible = 0;
			defaultConfigurationName = Release;
		};
/* End XCConfigurationList section */

/* Begin XCVersionGroup section */
		5B87CADD29254F72003823F1 /* CoreDataProject.xcdatamodeld */ = {
			isa = XCVersionGroup;
			children = (
				5B87CADE29254F72003823F1 /* CoreDataProject.xcdatamodel */,
			);
			currentVersion = 5B87CADE29254F72003823F1 /* CoreDataProject.xcdatamodel */;
			path = CoreDataProject.xcdatamodeld;
			sourceTree = "<group>";
			versionGroupType = wrapper.xcdatamodel;
		};
/* End XCVersionGroup section */
	};
	rootObject = 5B87CAC229254EBC003823F1 /* Project object */;
}
